
Microsoft Visual Studio Solution File, Format Version 12.00
# Visual Studio Version 16
VisualStudioVersion = 16.0.29403.142
MinimumVisualStudioVersion = 10.0.40219.1
Project("{9A19103F-16F7-4668-BE54-9A1E7A4F7556}") = "PolyConverter", "PolyConverter.csproj", "{7BDDA7DD-7427-45DD-B4B9-2BBC3A0DAD69}"
EndProject
Global
	GlobalSection(SolutionConfigurationPlatforms) = preSolution
		Debug|Any CPU = Debug|Any CPU
		Release|Any CPU = Release|Any CPU
	EndGlobalSection
	GlobalSection(ProjectConfigurationPlatforms) = postSolution
		{7BDDA7DD-7427-45DD-B4B9-2BBC3A0DAD69}.Debug|Any CPU.ActiveCfg = Debug|Any CPU
		{7BDDA7DD-7427-45DD-B4B9-2BBC3A0DAD69}.Debug|Any CPU.Build.0 = Debug|Any CPU
		{7BDDA7DD-7427-45DD-B4B9-2BBC3A0DAD69}.Release|Any CPU.ActiveCfg = Release|Any CPU
		{7BDDA7DD-7427-45DD-B4B9-2BBC3A0DAD69}.Release|Any CPU.Build.0 = Release|Any CPU
	EndGlobalSection
	GlobalSection(SolutionProperties) = preSolution
		HideSolutionNode = FALSE
	EndGlobalSection
	GlobalSection(ExtensibilityGlobals) = postSolution
		SolutionGuid = {73ECB3F1-7337-4607-9ED5-3A75E28E477B}
	EndGlobalSection
EndGlobal
